{
  "name": "teddy",
  "version": "0.0.1",
  "lockfileVersion": 3,
  "requires": true,
  "packages": {
    "": {
      "name": "teddy",
      "version": "0.0.1",
      "license": "ISC",
      "dependencies": {
        "@atproto/api": "^0.20.22",
        "@atproto/common-web": "^0.5.2",
        "@atproto/oauth-client-browser": "^0.4.3",
        "typescript": "^6.0.3"
      },
      "devDependencies": {
        "@biomejs/biome": "2.5.1"
      }
    },
    "node_modules/@atproto-labs/did-resolver": {
      "version": "0.3.3",
      "resolved": "https://registry.npmjs.org/@atproto-labs/did-resolver/-/did-resolver-0.3.3.tgz",
      "integrity": "sha512-AOzZVvBCaMlmRlYDNfAfIVLIvvsHV97z3yajQkjKngt+G+HDMxsKj+RBPmqpSYz6EzI3g+XH+rGIRjXsBEj6cg==",
      "license": "MIT",
      "dependencies": {
        "@atproto-labs/fetch": "^0.3.2",
        "@atproto-labs/pipe": "^0.2.2",
        "@atproto-labs/simple-store": "^0.4.2",
        "@atproto-labs/simple-store-memory": "^0.2.2",
        "@atproto/did": "^0.5.2",
        "zod": "^3.23.8"
      },
      "engines": {
        "node": ">=22"
      }
    },
    "node_modules/@atproto-labs/fetch": {
      "version": "0.3.2",
      "resolved": "https://registry.npmjs.org/@atproto-labs/fetch/-/fetch-0.3.2.tgz",
      "integrity": "sha512-NWNQ+MLNEqXpxsfM9mG14eVo0n5z8oWU7yjz/kCROAw5HG+i8a44tQtic90qXw3rBVxFBrrgE4kMftA7jeOiCw==",
      "license": "MIT",
      "dependencies": {
        "@atproto-labs/pipe": "^0.2.2"
      },
      "engines": {
        "node": ">=22"
      }
    },
    "node_modules/@atproto-labs/handle-resolver": {
      "version": "0.4.3",
      "resolved": "https://registry.npmjs.org/@atproto-labs/handle-resolver/-/handle-resolver-0.4.3.tgz",
      "integrity": "sha512-GHaqceAzOs4p/XP77yaPIbZlrdD0PPDCw4DS4RyxvvMZFbvnjPsHQOigCRYGdxsf3WgyqSxBlIzTl0jO7j9Q+A==",
      "license": "MIT",
      "dependencies": {
        "@atproto-labs/simple-store": "^0.4.2",
        "@atproto-labs/simple-store-memory": "^0.2.2",
        "@atproto/did": "^0.5.2",
        "zod": "^3.23.8"
      },
      "engines": {
        "node": ">=22"
      }
    },
    "node_modules/@atproto-labs/identity-resolver": {
      "version": "0.4.2",
      "resolved": "https://registry.npmjs.org/@atproto-labs/identity-resolver/-/identity-resolver-0.4.2.tgz",
      "integrity": "sha512-OKrTzb/2DWu7w4wahutEG4Y5fL5UQlosZ1y+dldYsYwEk+PnY3CHX9RCuE36nREQ2dICNWAdaKM3z6b0ZlB2QA==",
      "license": "MIT",
      "dependencies": {
        "@atproto-labs/did-resolver": "^0.3.3",
        "@atproto-labs/handle-resolver": "^0.4.3"
      },
      "engines": {
        "node": ">=22"
      }
    },
    "node_modules/@atproto-labs/pipe": {
      "version": "0.2.2",
      "resolved": "https://registry.npmjs.org/@atproto-labs/pipe/-/pipe-0.2.2.tgz",
      "integrity": "sha512-4xCUqB96I7WWGRlJvkJeOi8fpkrbB5pwW471hpJefqgb8Ep0UHP1solF3QOK+fms42cTfwkZCx3ExfGk6xeOuA==",
      "license": "MIT",
      "engines": {
        "node": ">=22"
      }
    },
    "node_modules/@atproto-labs/simple-store": {
      "version": "0.4.2",
      "resolved": "https://registry.npmjs.org/@atproto-labs/simple-store/-/simple-store-0.4.2.tgz",
      "integrity": "sha512-kWF6GCJBWeG+nwakUInainJi2pb4lukQ4ffkpEpLaavZ7ogKSrbsvA7ZFJWGjVsJNVxcamtXeLEl1NpFufs/4g==",
      "license": "MIT",
      "engines": {
        "node": ">=22"
      }
    },
    "node_modules/@atproto-labs/simple-store-memory": {
      "version": "0.2.2",
      "resolved": "https://registry.npmjs.org/@atproto-labs/simple-store-memory/-/simple-store-memory-0.2.2.tgz",
      "integrity": "sha512-uhEO3j9I09ksdJxYK0B9hl6X5ZUZ+poUBBq6qpulOjbIlzFPhRG/i23ZnzHhQaeT17LQBeP8xvSPk1QzDsblMA==",
      "license": "MIT",
      "dependencies": {
        "@atproto-labs/simple-store": "^0.4.2",
        "lru-cache": "^10.2.0"
      },
      "engines": {
        "node": ">=22"
      }
    },
    "node_modules/@atproto/api": {
      "version": "0.20.22",
      "resolved": "https://registry.npmjs.org/@atproto/api/-/api-0.20.22.tgz",
      "integrity": "sha512-TdT9ktYc0FMmMZ8HjkMz13QcSCcYiesCGN81mFZd5owQASHVM9GBtAAmzpkrPyZhUkiIjgh/nUHk8xWVu+4dVA==",
      "license": "MIT",
      "dependencies": {
        "@atproto/common-web": "^0.5.2",
        "@atproto/lexicon": "^0.7.3",
        "@atproto/syntax": "^0.6.3",
        "@atproto/xrpc": "^0.8.2",
        "await-lock": "^3.0.0",
        "multiformats": "^13.0.0",
        "tlds": "^1.234.0",
        "zod": "^3.23.8"
      },
      "engines": {
        "node": ">=22"
      }
    },
    "node_modules/@atproto/common-web": {
      "version": "0.5.2",
      "resolved": "https://registry.npmjs.org/@atproto/common-web/-/common-web-0.5.2.tgz",
      "integrity": "sha512-oO0JEvM7MM7iXMngq6V51IJlzBZFhFJoDjnGnQT75EO94/8Q5hnM/LP+a8KyWjcBcpcSZwQ0bukNv9phZONdGA==",
      "license": "MIT",
      "dependencies": {
        "@atproto/lex-data": "^0.1.3",
        "@atproto/lex-json": "^0.1.2",
        "@atproto/syntax": "^0.6.3",
        "zod": "^3.23.8"
      },
      "engines": {
        "node": ">=22"
      }
    },
    "node_modules/@atproto/did": {
      "version": "0.5.2",
      "resolved": "https://registry.npmjs.org/@atproto/did/-/did-0.5.2.tgz",
      "integrity": "sha512-ilVQ1Nrio6EhL61mt7zPgM0Vnb1N2mOisVP32bUBa+PflGI0wRneflacWyVyyN78RdFJDcPQBmv0dfSNgOcbQA==",
      "license": "MIT",
      "dependencies": {
        "zod": "^3.23.8"
      },
      "engines": {
        "node": ">=22"
      }
    },
    "node_modules/@atproto/jwk": {
      "version": "0.7.2",
      "resolved": "https://registry.npmjs.org/@atproto/jwk/-/jwk-0.7.2.tgz",
      "integrity": "sha512-CnLjMXgbUEstC2gsSE0Nc4hEgA7oS7HJAFRnI4gBNzAckHJqLqvAqj2whhM9VlcnY/dUZSnAskZ11pgBU/go+w==",
      "license": "MIT",
      "dependencies": {
        "multiformats": "^13.0.0",
        "zod": "^3.23.8"
      },
      "engines": {
        "node": ">=22"
      }
    },
    "node_modules/@atproto/jwk-jose": {
      "version": "0.2.2",
      "resolved": "https://registry.npmjs.org/@atproto/jwk-jose/-/jwk-jose-0.2.2.tgz",
      "integrity": "sha512-iM+iEpn+hBHSDeeONcsx/fBdh2i6AnwtcmpbWwEdxYkLMtZvQ54hLJsuCpPt4gMe1ctGAOb8XmKIaQLrRE3oyQ==",
      "license": "MIT",
      "dependencies": {
        "@atproto/jwk": "^0.7.2",
        "jose": "^5.2.0"
      },
      "engines": {
        "node": ">=22"
      }
    },
    "node_modules/@atproto/jwk-webcrypto": {
      "version": "0.3.2",
      "resolved": "https://registry.npmjs.org/@atproto/jwk-webcrypto/-/jwk-webcrypto-0.3.2.tgz",
      "integrity": "sha512-4F4bVOUUfGGkFlG+7BIrctoD5wh6wyNH66PsKmFGhDsoOcjwEGjTq1+MJ24/YqjW2r9qqsxTJZ02Hv4zVA3suQ==",
      "license": "MIT",
      "dependencies": {
        "@atproto/jwk": "^0.7.2",
        "@atproto/jwk-jose": "^0.2.2",
        "zod": "^3.23.8"
      },
      "engines": {
        "node": ">=22"
      }
    },
    "node_modules/@atproto/lex-data": {
      "version": "0.1.3",
      "resolved": "https://registry.npmjs.org/@atproto/lex-data/-/lex-data-0.1.3.tgz",
      "integrity": "sha512-ysqMYW6cIKce52/+EIbTa+I4pLqZQSBP9aGImN88vAQtd1oZBKPmut6dQk00xSQ8PW9REJRuIHNSFAF4HD+fsw==",
      "license": "MIT",
      "dependencies": {
        "multiformats": "^13.0.0",
        "tslib": "^2.8.1",
        "uint8arrays": "^5.0.0",
        "unicode-segmenter": "^0.14.0"
      },
      "engines": {
        "node": ">=22"
      }
    },
    "node_modules/@atproto/lex-json": {
      "version": "0.1.2",
      "resolved": "https://registry.npmjs.org/@atproto/lex-json/-/lex-json-0.1.2.tgz",
      "integrity": "sha512-58nIjoWX0c8T5fcoPPmIaShxKZgfPMhNmrprtR7GuN4PzyMwm59A3CLlKAzzR+vjI3IidEMU+enpLuwUT8L+Nw==",
      "license": "MIT",
      "dependencies": {
        "@atproto/lex-data": "^0.1.3",
        "tslib": "^2.8.1"
      },
      "engines": {
        "node": ">=22"
      }
    },
    "node_modules/@atproto/lexicon": {
      "version": "0.7.3",
      "resolved": "https://registry.npmjs.org/@atproto/lexicon/-/lexicon-0.7.3.tgz",
      "integrity": "sha512-WP6ct2rjNCKSJN/VFc+8x6JQ7PvRMlfHUlmQM5hzvE3a6nOjm6kwSicjSIV/QldurdRGJ4FCQZ3uZu9Wqt4SxQ==",
      "license": "MIT",
      "dependencies": {
        "@atproto/common-web": "^0.5.2",
        "@atproto/syntax": "^0.6.3",
        "multiformats": "^13.0.0",
        "zod": "^3.23.8"
      },
      "engines": {
        "node": ">=22"
      }
    },
    "node_modules/@atproto/oauth-client": {
      "version": "0.7.5",
      "resolved": "https://registry.npmjs.org/@atproto/oauth-client/-/oauth-client-0.7.5.tgz",
      "integrity": "sha512-B9VLopSCxu8z05+3DwMmhlMR+jIh49FQ/jJN8ZUCFSInRpX/6TcnnwhJWQoYxMaQ0orcul9dCucxTZhtp/W/uA==",
      "license": "MIT",
      "dependencies": {
        "@atproto-labs/did-resolver": "^0.3.3",
        "@atproto-labs/fetch": "^0.3.2",
        "@atproto-labs/handle-resolver": "^0.4.3",
        "@atproto-labs/identity-resolver": "^0.4.2",
        "@atproto-labs/simple-store": "^0.4.2",
        "@atproto-labs/simple-store-memory": "^0.2.2",
        "@atproto/did": "^0.5.2",
        "@atproto/jwk": "^0.7.2",
        "@atproto/oauth-types": "^0.7.3",
        "@atproto/xrpc": "^0.8.2",
        "core-js": "^3",
        "multiformats": "^13.0.0",
        "zod": "^3.23.8"
      },
      "engines": {
        "node": ">=22"
      }
    },
    "node_modules/@atproto/oauth-client-browser": {
      "version": "0.4.3",
      "resolved": "https://registry.npmjs.org/@atproto/oauth-client-browser/-/oauth-client-browser-0.4.3.tgz",
      "integrity": "sha512-0BRy108X9dWPxpNv0RS4mNDjtaRsRTeg13xEFFDPHRAHz3++TBnqPzOkxO4w6f9OwDdG6spzt9OMKkl9l+Ou5g==",
      "license": "MIT",
      "dependencies": {
        "@atproto-labs/did-resolver": "^0.3.3",
        "@atproto-labs/handle-resolver": "^0.4.3",
        "@atproto-labs/simple-store": "^0.4.2",
        "@atproto/did": "^0.5.2",
        "@atproto/jwk": "^0.7.2",
        "@atproto/jwk-webcrypto": "^0.3.2",
        "@atproto/oauth-client": "^0.7.5",
        "@atproto/oauth-types": "^0.7.3",
        "core-js": "^3"
      },
      "engines": {
        "node": ">=22"
      }
    },
    "node_modules/@atproto/oauth-types": {
      "version": "0.7.3",
      "resolved": "https://registry.npmjs.org/@atproto/oauth-types/-/oauth-types-0.7.3.tgz",
      "integrity": "sha512-ndtwZQDawNLG6UBeJ31oXbtcITFbR+h48vAvyLs1FyZcXX6tEHniuG2Sd+4sUsrzHAMS/PGAEjUpTijObQIXzw==",
      "license": "MIT",
      "dependencies": {
        "@atproto/did": "^0.5.2",
        "@atproto/jwk": "^0.7.2",
        "zod": "^3.23.8"
      },
      "engines": {
        "node": ">=22"
      }
    },
    "node_modules/@atproto/syntax": {
      "version": "0.6.3",
      "resolved": "https://registry.npmjs.org/@atproto/syntax/-/syntax-0.6.3.tgz",
      "integrity": "sha512-io7Ck4o+40iFXhetHYoEtok2gZ8cWcJ1yRftEHe5AmAF0dSGcYmclbx5GatVew59taw+eSG7Ty5D3llop/0BhA==",
      "license": "MIT",
      "dependencies": {
        "iso-datestring-validator": "^2.2.2",
        "tslib": "^2.8.1"
      },
      "engines": {
        "node": ">=22"
      }
    },
    "node_modules/@atproto/xrpc": {
      "version": "0.8.2",
      "resolved": "https://registry.npmjs.org/@atproto/xrpc/-/xrpc-0.8.2.tgz",
      "integrity": "sha512-geLqJwazZuCGnae68KZppciS8DujhGvYtpc/aAj16XpHkUCf5Ds64H1IPrV0uv7SFvd/IAuMZAXZS4GIpfp1iw==",
      "license": "MIT",
      "dependencies": {
        "@atproto/lexicon": "^0.7.3",
        "zod": "^3.23.8"
      },
      "engines": {
        "node": ">=22"
      }
    },
    "node_modules/@biomejs/biome": {
      "version": "2.5.1",
      "resolved": "https://registry.npmjs.org/@biomejs/biome/-/biome-2.5.1.tgz",
      "integrity": "sha512-IXWLCxKmae+rI7LOHS1B3EbVisQ6GRAWbhN9msa6KjNCyFWrvKZWR4oUdinaNssrV852OrSHuSPa95h1GPJc7Q==",
      "dev": true,
      "license": "MIT OR Apache-2.0",
      "bin": {
        "biome": "bin/biome"
      },
      "engines": {
        "node": ">=14.21.3"
      },
      "funding": {
        "type": "opencollective",
        "url": "https://opencollective.com/biome"
      },
      "optionalDependencies": {
        "@biomejs/cli-darwin-arm64": "2.5.1",
        "@biomejs/cli-darwin-x64": "2.5.1",
        "@biomejs/cli-linux-arm64": "2.5.1",
        "@biomejs/cli-linux-arm64-musl": "2.5.1",
        "@biomejs/cli-linux-x64": "2.5.1",
        "@biomejs/cli-linux-x64-musl": "2.5.1",
        "@biomejs/cli-win32-arm64": "2.5.1",
        "@biomejs/cli-win32-x64": "2.5.1"
      }
    },
    "node_modules/@biomejs/cli-darwin-arm64": {
      "version": "2.5.1",
      "resolved": "https://registry.npmjs.org/@biomejs/cli-darwin-arm64/-/cli-darwin-arm64-2.5.1.tgz",
      "integrity": "sha512-npqDzvqv7vFaWRiNN1Te71siRgPaqS9MpqgYCdP/CrUbkJ7ApezaeaKjueKHRN/JH/6lRjJQAHi8acQDCAz22w==",
      "cpu": [
        "arm64"
      ],
      "dev": true,
      "license": "MIT OR Apache-2.0",
      "optional": true,
      "os": [
        "darwin"
      ],
      "engines": {
        "node": ">=14.21.3"
      }
    },
    "node_modules/@biomejs/cli-darwin-x64": {
      "version": "2.5.1",
      "resolved": "https://registry.npmjs.org/@biomejs/cli-darwin-x64/-/cli-darwin-x64-2.5.1.tgz",
      "integrity": "sha512-RgwTqPAM8g2tn1j+b5oRjF/DbSBX8a4gwojtuG9XuhfK7GgomvZ9+T+tqjXiVbjLEeGJOoL6VEk8mvRTVeSybw==",
      "cpu": [
        "x64"
      ],
      "dev": true,
      "license": "MIT OR Apache-2.0",
      "optional": true,
      "os": [
        "darwin"
      ],
      "engines": {
        "node": ">=14.21.3"
      }
    },
    "node_modules/@biomejs/cli-linux-arm64": {
      "version": "2.5.1",
      "resolved": "https://registry.npmjs.org/@biomejs/cli-linux-arm64/-/cli-linux-arm64-2.5.1.tgz",
      "integrity": "sha512-yhV35CzZh38VyMvTEXi3JTjxZBs++oCKK9KG8vB6VI5+uvQvZNR3BFWEKKzuOmx9DJJj7sQpZ4LQJcmbGTs3+Q==",
      "cpu": [
        "arm64"
      ],
      "dev": true,
      "libc": [
        "glibc"
      ],
      "license": "MIT OR Apache-2.0",
      "optional": true,
      "os": [
        "linux"
      ],
      "engines": {
        "node": ">=14.21.3"
      }
    },
    "node_modules/@biomejs/cli-linux-arm64-musl": {
      "version": "2.5.1",
      "resolved": "https://registry.npmjs.org/@biomejs/cli-linux-arm64-musl/-/cli-linux-arm64-musl-2.5.1.tgz",
      "integrity": "sha512-WMcvMLgByyTqVxGlq918NBBYliq9FRR9GAQVETHb+VjGVqXCZFfHlZHC1FX4ibuYY/Hg6TJE3rHU0xVrdJXNRw==",
      "cpu": [
        "arm64"
      ],
      "dev": true,
      "libc": [
        "musl"
      ],
      "license": "MIT OR Apache-2.0",
      "optional": true,
      "os": [
        "linux"
      ],
      "engines": {
        "node": ">=14.21.3"
      }
    },
    "node_modules/@biomejs/cli-linux-x64": {
      "version": "2.5.1",
      "resolved": "https://registry.npmjs.org/@biomejs/cli-linux-x64/-/cli-linux-x64-2.5.1.tgz",
      "integrity": "sha512-J/7uHSX7NfoYDI7HijAkd8lnQIOrRb2W7j3X+tw4R+N5ExvXGsyXFiGdQcfcxfOmNQmZVSQOCDk757fwpzqQcg==",
      "cpu": [
        "x64"
      ],
      "dev": true,
      "libc": [
        "glibc"
      ],
      "license": "MIT OR Apache-2.0",
      "optional": true,
      "os": [
        "linux"
      ],
      "engines": {
        "node": ">=14.21.3"
      }
    },
    "node_modules/@biomejs/cli-linux-x64-musl": {
      "version": "2.5.1",
      "resolved": "https://registry.npmjs.org/@biomejs/cli-linux-x64-musl/-/cli-linux-x64-musl-2.5.1.tgz",
      "integrity": "sha512-ANTowtlLmPYm5yeMckWY8Xzb9Ix+JJP3tgHR/n6xRj1VWyIzzWtfRfih9hv9VmClwadpBvZduISZIbBsIlYG3A==",
      "cpu": [
        "x64"
      ],
      "dev": true,
      "libc": [
        "musl"
      ],
      "license": "MIT OR Apache-2.0",
      "optional": true,
      "os": [
        "linux"
      ],
      "engines": {
        "node": ">=14.21.3"
      }
    },
    "node_modules/@biomejs/cli-win32-arm64": {
      "version": "2.5.1",
      "resolved": "https://registry.npmjs.org/@biomejs/cli-win32-arm64/-/cli-win32-arm64-2.5.1.tgz",
      "integrity": "sha512-zgXnKNgWPC4iPF7Y1lR3STUeCUuZRpD6IiOrC7TZTlh0Lx6FiVUT05myuMQHQ9D+1cc7uyMldi4forE6lp0ivQ==",
      "cpu": [
        "arm64"
      ],
      "dev": true,
      "license": "MIT OR Apache-2.0",
      "optional": true,
      "os": [
        "win32"
      ],
      "engines": {
        "node": ">=14.21.3"
      }
    },
    "node_modules/@biomejs/cli-win32-x64": {
      "version": "2.5.1",
      "resolved": "https://registry.npmjs.org/@biomejs/cli-win32-x64/-/cli-win32-x64-2.5.1.tgz",
      "integrity": "sha512-6uxpR9hvaglANkZemeSiN/FhYgkGasrEGn267eXIWvjrjJ2LhDlk251IhjVJq6MXzkV2/bcXwLwSroLyPtqRZg==",
      "cpu": [
        "x64"
      ],
      "dev": true,
      "license": "MIT OR Apache-2.0",
      "optional": true,
      "os": [
        "win32"
      ],
      "engines": {
        "node": ">=14.21.3"
      }
    },
    "node_modules/await-lock": {
      "version": "3.0.0",
      "resolved": "https://registry.npmjs.org/await-lock/-/await-lock-3.0.0.tgz",
      "integrity": "sha512-eO6fLiSnrJrMdjWMNK8zbVRXPs2TKJg78iKZd9wDpN3na5tcoV6EoeiOlMgk2QaAQ1gIrK1YuMsJHXWqz89tSA==",
      "license": "MIT"
    },
    "node_modules/core-js": {
      "version": "3.49.0",
      "resolved": "https://registry.npmjs.org/core-js/-/core-js-3.49.0.tgz",
      "integrity": "sha512-es1U2+YTtzpwkxVLwAFdSpaIMyQaq0PBgm3YD1W3Qpsn1NAmO3KSgZfu+oGSWVu6NvLHoHCV/aYcsE5wiB7ALg==",
      "hasInstallScript": true,
      "license": "MIT",
      "funding": {
        "type": "opencollective",
        "url": "https://opencollective.com/core-js"
      }
    },
    "node_modules/iso-datestring-validator": {
      "version": "2.2.2",
      "resolved": "https://registry.npmjs.org/iso-datestring-validator/-/iso-datestring-validator-2.2.2.tgz",
      "integrity": "sha512-yLEMkBbLZTlVQqOnQ4FiMujR6T4DEcCb1xizmvXS+OxuhwcbtynoosRzdMA69zZCShCNAbi+gJ71FxZBBXx1SA==",
      "license": "MIT"
    },
    "node_modules/jose": {
      "version": "5.10.0",
      "resolved": "https://registry.npmjs.org/jose/-/jose-5.10.0.tgz",
      "integrity": "sha512-s+3Al/p9g32Iq+oqXxkW//7jk2Vig6FF1CFqzVXoTUXt2qz89YWbL+OwS17NFYEvxC35n0FKeGO2LGYSxeM2Gg==",
      "license": "MIT",
      "funding": {
        "url": "https://github.com/sponsors/panva"
      }
    },
    "node_modules/lru-cache": {
      "version": "10.4.3",
      "resolved": "https://registry.npmjs.org/lru-cache/-/lru-cache-10.4.3.tgz",
      "integrity": "sha512-JNAzZcXrCt42VGLuYz0zfAzDfAvJWW6AfYlDBQyDV5DClI2m5sAmK+OIO7s59XfsRsWHp02jAJrRadPRGTt6SQ==",
      "license": "ISC"
    },
    "node_modules/multiformats": {
      "version": "13.4.2",
      "resolved": "https://registry.npmjs.org/multiformats/-/multiformats-13.4.2.tgz",
      "integrity": "sha512-eh6eHCrRi1+POZ3dA+Dq1C6jhP1GNtr9CRINMb67OKzqW9I5DUuZM/3jLPlzhgpGeiNUlEGEbkCYChXMCc/8DQ==",
      "license": "Apache-2.0 OR MIT"
    },
    "node_modules/tlds": {
      "version": "1.261.0",
      "resolved": "https://registry.npmjs.org/tlds/-/tlds-1.261.0.tgz",
      "integrity": "sha512-QXqwfEl9ddlGBaRFXIvNKK6OhipSiLXuRuLJX5DErz0o0Q0rYxulWLdFryTkV5PkdZct5iMInwYEGe/eR++1AA==",
      "license": "MIT",
      "bin": {
        "tlds": "bin.js"
      }
    },
    "node_modules/tslib": {
      "version": "2.8.1",
      "resolved": "https://registry.npmjs.org/tslib/-/tslib-2.8.1.tgz",
      "integrity": "sha512-oJFu94HQb+KVduSUQL7wnpmqnfmLsOA/nAh6b6EH0wCEoK0/mPeXU6c3wKDV83MkOuHPRHtSXKKU99IBazS/2w==",
      "license": "0BSD"
    },
    "node_modules/typescript": {
      "version": "6.0.3",
      "resolved": "https://registry.npmjs.org/typescript/-/typescript-6.0.3.tgz",
      "integrity": "sha512-y2TvuxSZPDyQakkFRPZHKFm+KKVqIisdg9/CZwm9ftvKXLP8NRWj38/ODjNbr43SsoXqNuAisEf1GdCxqWcdBw==",
      "license": "Apache-2.0",
      "bin": {
        "tsc": "bin/tsc",
        "tsserver": "bin/tsserver"
      },
      "engines": {
        "node": ">=14.17"
      }
    },
    "node_modules/uint8arrays": {
      "version": "5.1.1",
      "resolved": "https://registry.npmjs.org/uint8arrays/-/uint8arrays-5.1.1.tgz",
      "integrity": "sha512-9muQwa4wZG4dKi9gMAIBtnk2Pw87SRpvWTH6lOGm19V2Uqxr4uomUf2PGqPnWc+qs06sN8owUU4jfcoWOcfwVQ==",
      "license": "Apache-2.0 OR MIT",
      "dependencies": {
        "multiformats": "^13.0.0"
      }
    },
    "node_modules/unicode-segmenter": {
      "version": "0.14.5",
      "resolved": "https://registry.npmjs.org/unicode-segmenter/-/unicode-segmenter-0.14.5.tgz",
      "integrity": "sha512-jHGmj2LUuqDcX3hqY12Ql+uhUTn8huuxNZGq7GvtF6bSybzH3aFgedYu/KTzQStEgt1Ra2F3HxadNXsNjb3m3g==",
      "license": "MIT"
    },
    "node_modules/zod": {
      "version": "3.25.76",
      "resolved": "https://registry.npmjs.org/zod/-/zod-3.25.76.tgz",
      "integrity": "sha512-gzUt/qt81nXsFGKIFcC3YnfEAx5NkunCfnDlvuBSSFS02bcXu4Lmea0AFIUwbLWxWPx3d9p8S5QoaujKcNQxcQ==",
      "license": "MIT",
      "funding": {
        "url": "https://github.com/sponsors/colinhacks"
      }
    }
  }
}
